
Microsoft Visual Studio Solution File, Format Version 12.00
# Visual Studio 2013
VisualStudioVersion = 12.0.21005.1
MinimumVisualStudioVersion = 10.0.40219.1
Project("{FAE04EC0-301F-11D3-BF4B-00C04F79EFBC}") = "MyStoryMaker", "MyStoryMaker\MyStoryMaker.csproj", "{15234E31-A028-4E6E-A946-2A0165B6FEFD}"
EndProject
Project("{FAE04EC0-301F-11D3-BF4B-00C04F79EFBC}") = "ClientGUI", "ClientGUI\ClientGUI.csproj", "{2417A5B1-282A-45E5-A4A9-CF595C29D55D}"
EndProject
Project("{FAE04EC0-301F-11D3-BF4B-00C04F79EFBC}") = "Client", "Client\Client.csproj", "{F0889C45-3A14-4B4C-980C-3E1A0100BE82}"
EndProject
Global
	GlobalSection(SolutionConfigurationPlatforms) = preSolution
		Debug|Any CPU = Debug|Any CPU
		Release|Any CPU = Release|Any CPU
	EndGlobalSection
	GlobalSection(ProjectConfigurationPlatforms) = postSolution
		{15234E31-A028-4E6E-A946-2A0165B6FEFD}.Debug|Any CPU.ActiveCfg = Debug|Any CPU
		{15234E31-A028-4E6E-A946-2A0165B6FEFD}.Debug|Any CPU.Build.0 = Debug|Any CPU
		{15234E31-A028-4E6E-A946-2A0165B6FEFD}.Release|Any CPU.ActiveCfg = Release|Any CPU
		{15234E31-A028-4E6E-A946-2A0165B6FEFD}.Release|Any CPU.Build.0 = Release|Any CPU
		{2417A5B1-282A-45E5-A4A9-CF595C29D55D}.Debug|Any CPU.ActiveCfg = Debug|Any CPU
		{2417A5B1-282A-45E5-A4A9-CF595C29D55D}.Debug|Any CPU.Build.0 = Debug|Any CPU
		{2417A5B1-282A-45E5-A4A9-CF595C29D55D}.Release|Any CPU.ActiveCfg = Release|Any CPU
		{2417A5B1-282A-45E5-A4A9-CF595C29D55D}.Release|Any CPU.Build.0 = Release|Any CPU
		{F0889C45-3A14-4B4C-980C-3E1A0100BE82}.Debug|Any CPU.ActiveCfg = Debug|Any CPU
		{F0889C45-3A14-4B4C-980C-3E1A0100BE82}.Debug|Any CPU.Build.0 = Debug|Any CPU
		{F0889C45-3A14-4B4C-980C-3E1A0100BE82}.Release|Any CPU.ActiveCfg = Release|Any CPU
		{F0889C45-3A14-4B4C-980C-3E1A0100BE82}.Release|Any CPU.Build.0 = Release|Any CPU
	EndGlobalSection
	GlobalSection(SolutionProperties) = preSolution
		HideSolutionNode = FALSE
	EndGlobalSection
EndGlobal
